
Microsoft Visual Studio Solution File, Format Version 12.00
Project("{FAE04EC0-301F-11D3-BF4B-00C04F79EFBC}") = "PutItInTurbo", "PutItInTurbo\PutItInTurbo.csproj", "{0BA27651-B3B2-4FC0-8DEA-9CD88E3BF2A9}"
EndProject
Global
	GlobalSection(SolutionConfigurationPlatforms) = preSolution
		Debug|Any CPU = Debug|Any CPU
		Release|Any CPU = Release|Any CPU
	EndGlobalSection
	GlobalSection(ProjectConfigurationPlatforms) = postSolution
		{0BA27651-B3B2-4FC0-8DEA-9CD88E3BF2A9}.Debug|Any CPU.ActiveCfg = Debug|Any CPU
		{0BA27651-B3B2-4FC0-8DEA-9CD88E3BF2A9}.Debug|Any CPU.Build.0 = Debug|Any CPU
		{0BA27651-B3B2-4FC0-8DEA-9CD88E3BF2A9}.Release|Any CPU.ActiveCfg = Release|Any CPU
		{0BA27651-B3B2-4FC0-8DEA-9CD88E3BF2A9}.Release|Any CPU.Build.0 = Release|Any CPU
	EndGlobalSection
EndGlobal
